
Microsoft Visual Studio Solution File, Format Version 11.00
# Visual Studio 2010
Project("{FAE04EC0-301F-11D3-BF4B-00C04F79EFBC}") = "Urasandesu.NAnonym", "Urasandesu.NAnonym\Urasandesu.NAnonym.csproj", "{C04A5E86-30E1-4C38-B916-324D000E240E}"
EndProject
Project("{FAE04EC0-301F-11D3-BF4B-00C04F79EFBC}") = "Test.Urasandesu.NAnonym", "Test.Urasandesu.NAnonym\Test.Urasandesu.NAnonym.csproj", "{885BCF21-BAA1-4179-B679-27C4DC7F14A3}"
EndProject
Global
	GlobalSection(SolutionConfigurationPlatforms) = preSolution
		Debug|Any CPU = Debug|Any CPU
		Release|Any CPU = Release|Any CPU
	EndGlobalSection
	GlobalSection(ProjectConfigurationPlatforms) = postSolution
		{C04A5E86-30E1-4C38-B916-324D000E240E}.Debug|Any CPU.ActiveCfg = Debug|Any CPU
		{C04A5E86-30E1-4C38-B916-324D000E240E}.Debug|Any CPU.Build.0 = Debug|Any CPU
		{C04A5E86-30E1-4C38-B916-324D000E240E}.Release|Any CPU.ActiveCfg = Release|Any CPU
		{C04A5E86-30E1-4C38-B916-324D000E240E}.Release|Any CPU.Build.0 = Release|Any CPU
		{885BCF21-BAA1-4179-B679-27C4DC7F14A3}.Debug|Any CPU.ActiveCfg = Debug|Any CPU
		{885BCF21-BAA1-4179-B679-27C4DC7F14A3}.Debug|Any CPU.Build.0 = Debug|Any CPU
		{885BCF21-BAA1-4179-B679-27C4DC7F14A3}.Release|Any CPU.ActiveCfg = Release|Any CPU
		{885BCF21-BAA1-4179-B679-27C4DC7F14A3}.Release|Any CPU.Build.0 = Release|Any CPU
	EndGlobalSection
	GlobalSection(SolutionProperties) = preSolution
		HideSolutionNode = FALSE
	EndGlobalSection
EndGlobal
